
Microsoft Visual Studio Solution File, Format Version 12.00
# Visual Studio 2013
VisualStudioVersion = 12.0.30723.0
MinimumVisualStudioVersion = 10.0.40219.1
Project("{2150E333-8FDC-42A3-9474-1A3956D46DE8}") = "Bacteriophage", "Bacteriophage", "{ADE4D8B5-BB87-4F0A-83F0-75BE3BCDE2C7}"
	ProjectSection(SiliconStudioPackage) = preProject
		Bacteriophage/Bacteriophage.pdxpkg = Bacteriophage/Bacteriophage.pdxpkg
	EndProjectSection
EndProject
Project("{FAE04EC0-301F-11D3-BF4B-00C04F79EFBC}") = "Bacteriophage.Windows", "Bacteriophage\Bacteriophage.Windows\Bacteriophage.Windows.csproj", "{A4B82034-65A6-41E0-9EAB-76E80AD17A48}"
EndProject
Project("{FAE04EC0-301F-11D3-BF4B-00C04F79EFBC}") = "Bacteriophage.Game", "Bacteriophage\Bacteriophage.Game\Bacteriophage.Game.csproj", "{D9CDA127-79D4-460D-BAFE-2B1497095646}"
EndProject
Project("{FAE04EC0-301F-11D3-BF4B-00C04F79EFBC}") = "Bacteriophage.WindowsStore", "Bacteriophage\Bacteriophage.WindowsStore\Bacteriophage.WindowsStore.csproj", "{F3D4B1ED-C2BF-4454-84F6-97F186B8B00E}"
EndProject
Project("{FAE04EC0-301F-11D3-BF4B-00C04F79EFBC}") = "Bacteriophage.WindowsPhone", "Bacteriophage\Bacteriophage.WindowsPhone\Bacteriophage.WindowsPhone.csproj", "{A9B47F01-806A-4817-86F2-60A4AC8A0BF6}"
EndProject
Global
	GlobalSection(SolutionConfigurationPlatforms) = preSolution
		AppStore|Any CPU = AppStore|Any CPU
		AppStore|Mixed Platforms = AppStore|Mixed Platforms
		AppStore|Windows = AppStore|Windows
		AppStore|WindowsPhone-ARM = AppStore|WindowsPhone-ARM
		AppStore|WindowsPhone-x86 = AppStore|WindowsPhone-x86
		AppStore|WindowsStore-ARM = AppStore|WindowsStore-ARM
		AppStore|WindowsStore-x64 = AppStore|WindowsStore-x64
		AppStore|WindowsStore-x86 = AppStore|WindowsStore-x86
		Debug|Any CPU = Debug|Any CPU
		Debug|Mixed Platforms = Debug|Mixed Platforms
		Debug|Windows = Debug|Windows
		Debug|WindowsPhone-ARM = Debug|WindowsPhone-ARM
		Debug|WindowsPhone-x86 = Debug|WindowsPhone-x86
		Debug|WindowsStore-ARM = Debug|WindowsStore-ARM
		Debug|WindowsStore-x64 = Debug|WindowsStore-x64
		Debug|WindowsStore-x86 = Debug|WindowsStore-x86
		Release|Any CPU = Release|Any CPU
		Release|Mixed Platforms = Release|Mixed Platforms
		Release|Windows = Release|Windows
		Release|WindowsPhone-ARM = Release|WindowsPhone-ARM
		Release|WindowsPhone-x86 = Release|WindowsPhone-x86
		Release|WindowsStore-ARM = Release|WindowsStore-ARM
		Release|WindowsStore-x64 = Release|WindowsStore-x64
		Release|WindowsStore-x86 = Release|WindowsStore-x86
		Testing|Any CPU = Testing|Any CPU
		Testing|Mixed Platforms = Testing|Mixed Platforms
		Testing|Windows = Testing|Windows
		Testing|WindowsPhone-ARM = Testing|WindowsPhone-ARM
		Testing|WindowsPhone-x86 = Testing|WindowsPhone-x86
		Testing|WindowsStore-ARM = Testing|WindowsStore-ARM
		Testing|WindowsStore-x64 = Testing|WindowsStore-x64
		Testing|WindowsStore-x86 = Testing|WindowsStore-x86
	EndGlobalSection
	GlobalSection(ProjectConfigurationPlatforms) = postSolution
		{A4B82034-65A6-41E0-9EAB-76E80AD17A48}.AppStore|Any CPU.ActiveCfg = AppStore|Any CPU
		{A4B82034-65A6-41E0-9EAB-76E80AD17A48}.AppStore|Any CPU.Build.0 = AppStore|Any CPU
		{A4B82034-65A6-41E0-9EAB-76E80AD17A48}.AppStore|Any CPU.Deploy.0 = AppStore|Any CPU
		{A4B82034-65A6-41E0-9EAB-76E80AD17A48}.AppStore|Mixed Platforms.ActiveCfg = AppStore|Any CPU
		{A4B82034-65A6-41E0-9EAB-76E80AD17A48}.AppStore|Mixed Platforms.Build.0 = AppStore|Any CPU
		{A4B82034-65A6-41E0-9EAB-76E80AD17A48}.AppStore|Mixed Platforms.Deploy.0 = AppStore|Any CPU
		{A4B82034-65A6-41E0-9EAB-76E80AD17A48}.AppStore|Windows.ActiveCfg = AppStore|Any CPU
		{A4B82034-65A6-41E0-9EAB-76E80AD17A48}.AppStore|Windows.Build.0 = AppStore|Any CPU
		{A4B82034-65A6-41E0-9EAB-76E80AD17A48}.AppStore|Windows.Deploy.0 = AppStore|Any CPU
		{A4B82034-65A6-41E0-9EAB-76E80AD17A48}.AppStore|WindowsPhone-ARM.ActiveCfg = AppStore|Any CPU
		{A4B82034-65A6-41E0-9EAB-76E80AD17A48}.AppStore|WindowsPhone-x86.ActiveCfg = AppStore|Any CPU
		{A4B82034-65A6-41E0-9EAB-76E80AD17A48}.AppStore|WindowsStore-ARM.ActiveCfg = AppStore|Any CPU
		{A4B82034-65A6-41E0-9EAB-76E80AD17A48}.AppStore|WindowsStore-x64.ActiveCfg = AppStore|Any CPU
		{A4B82034-65A6-41E0-9EAB-76E80AD17A48}.AppStore|WindowsStore-x86.ActiveCfg = AppStore|Any CPU
		{A4B82034-65A6-41E0-9EAB-76E80AD17A48}.Debug|Any CPU.ActiveCfg = Debug|Any CPU
		{A4B82034-65A6-41E0-9EAB-76E80AD17A48}.Debug|Any CPU.Build.0 = Debug|Any CPU
		{A4B82034-65A6-41E0-9EAB-76E80AD17A48}.Debug|Any CPU.Deploy.0 = Debug|Any CPU
		{A4B82034-65A6-41E0-9EAB-76E80AD17A48}.Debug|Mixed Platforms.ActiveCfg = Debug|Any CPU
		{A4B82034-65A6-41E0-9EAB-76E80AD17A48}.Debug|Mixed Platforms.Build.0 = Debug|Any CPU
		{A4B82034-65A6-41E0-9EAB-76E80AD17A48}.Debug|Mixed Platforms.Deploy.0 = Debug|Any CPU
		{A4B82034-65A6-41E0-9EAB-76E80AD17A48}.Debug|Windows.ActiveCfg = Debug|Any CPU
		{A4B82034-65A6-41E0-9EAB-76E80AD17A48}.Debug|Windows.Build.0 = Debug|Any CPU
		{A4B82034-65A6-41E0-9EAB-76E80AD17A48}.Debug|Windows.Deploy.0 = Debug|Any CPU
		{A4B82034-65A6-41E0-9EAB-76E80AD17A48}.Debug|WindowsPhone-ARM.ActiveCfg = Debug|Any CPU
		{A4B82034-65A6-41E0-9EAB-76E80AD17A48}.Debug|WindowsPhone-x86.ActiveCfg = Debug|Any CPU
		{A4B82034-65A6-41E0-9EAB-76E80AD17A48}.Debug|WindowsStore-ARM.ActiveCfg = Debug|Any CPU
		{A4B82034-65A6-41E0-9EAB-76E80AD17A48}.Debug|WindowsStore-x64.ActiveCfg = Debug|Any CPU
		{A4B82034-65A6-41E0-9EAB-76E80AD17A48}.Debug|WindowsStore-x86.ActiveCfg = Debug|Any CPU
		{A4B82034-65A6-41E0-9EAB-76E80AD17A48}.Release|Any CPU.ActiveCfg = Release|Any CPU
		{A4B82034-65A6-41E0-9EAB-76E80AD17A48}.Release|Any CPU.Build.0 = Release|Any CPU
		{A4B82034-65A6-41E0-9EAB-76E80AD17A48}.Release|Any CPU.Deploy.0 = Release|Any CPU
		{A4B82034-65A6-41E0-9EAB-76E80AD17A48}.Release|Mixed Platforms.ActiveCfg = Release|Any CPU
		{A4B82034-65A6-41E0-9EAB-76E80AD17A48}.Release|Mixed Platforms.Build.0 = Release|Any CPU
		{A4B82034-65A6-41E0-9EAB-76E80AD17A48}.Release|Mixed Platforms.Deploy.0 = Release|Any CPU
		{A4B82034-65A6-41E0-9EAB-76E80AD17A48}.Release|Windows.ActiveCfg = Release|Any CPU
		{A4B82034-65A6-41E0-9EAB-76E80AD17A48}.Release|Windows.Build.0 = Release|Any CPU
		{A4B82034-65A6-41E0-9EAB-76E80AD17A48}.Release|Windows.Deploy.0 = Release|Any CPU
		{A4B82034-65A6-41E0-9EAB-76E80AD17A48}.Release|WindowsPhone-ARM.ActiveCfg = Release|Any CPU
		{A4B82034-65A6-41E0-9EAB-76E80AD17A48}.Release|WindowsPhone-x86.ActiveCfg = Release|Any CPU
		{A4B82034-65A6-41E0-9EAB-76E80AD17A48}.Release|WindowsStore-ARM.ActiveCfg = Release|Any CPU
		{A4B82034-65A6-41E0-9EAB-76E80AD17A48}.Release|WindowsStore-x64.ActiveCfg = Release|Any CPU
		{A4B82034-65A6-41E0-9EAB-76E80AD17A48}.Release|WindowsStore-x86.ActiveCfg = Release|Any CPU
		{A4B82034-65A6-41E0-9EAB-76E80AD17A48}.Testing|Any CPU.ActiveCfg = Testing|Any CPU
		{A4B82034-65A6-41E0-9EAB-76E80AD17A48}.Testing|Any CPU.Build.0 = Testing|Any CPU
		{A4B82034-65A6-41E0-9EAB-76E80AD17A48}.Testing|Any CPU.Deploy.0 = Testing|Any CPU
		{A4B82034-65A6-41E0-9EAB-76E80AD17A48}.Testing|Mixed Platforms.ActiveCfg = Testing|Any CPU
		{A4B82034-65A6-41E0-9EAB-76E80AD17A48}.Testing|Mixed Platforms.Build.0 = Testing|Any CPU
		{A4B82034-65A6-41E0-9EAB-76E80AD17A48}.Testing|Mixed Platforms.Deploy.0 = Testing|Any CPU
		{A4B82034-65A6-41E0-9EAB-76E80AD17A48}.Testing|Windows.ActiveCfg = Testing|Any CPU
		{A4B82034-65A6-41E0-9EAB-76E80AD17A48}.Testing|Windows.Build.0 = Testing|Any CPU
		{A4B82034-65A6-41E0-9EAB-76E80AD17A48}.Testing|Windows.Deploy.0 = Testing|Any CPU
		{A4B82034-65A6-41E0-9EAB-76E80AD17A48}.Testing|WindowsPhone-ARM.ActiveCfg = Testing|Any CPU
		{A4B82034-65A6-41E0-9EAB-76E80AD17A48}.Testing|WindowsPhone-x86.ActiveCfg = Testing|Any CPU
		{A4B82034-65A6-41E0-9EAB-76E80AD17A48}.Testing|WindowsStore-ARM.ActiveCfg = Testing|Any CPU
		{A4B82034-65A6-41E0-9EAB-76E80AD17A48}.Testing|WindowsStore-x64.ActiveCfg = Testing|Any CPU
		{A4B82034-65A6-41E0-9EAB-76E80AD17A48}.Testing|WindowsStore-x86.ActiveCfg = Testing|Any CPU
		{D9CDA127-79D4-460D-BAFE-2B1497095646}.AppStore|Any CPU.ActiveCfg = AppStore|Any CPU
		{D9CDA127-79D4-460D-BAFE-2B1497095646}.AppStore|Any CPU.Build.0 = AppStore|Any CPU
		{D9CDA127-79D4-460D-BAFE-2B1497095646}.AppStore|Mixed Platforms.ActiveCfg = AppStore|Any CPU
		{D9CDA127-79D4-460D-BAFE-2B1497095646}.AppStore|Mixed Platforms.Build.0 = AppStore|Any CPU
		{D9CDA127-79D4-460D-BAFE-2B1497095646}.AppStore|Windows.ActiveCfg = AppStore|Any CPU
		{D9CDA127-79D4-460D-BAFE-2B1497095646}.AppStore|Windows.Build.0 = AppStore|Any CPU
		{D9CDA127-79D4-460D-BAFE-2B1497095646}.AppStore|WindowsPhone-ARM.ActiveCfg = AppStore|WindowsPhone
		{D9CDA127-79D4-460D-BAFE-2B1497095646}.AppStore|WindowsPhone-ARM.Build.0 = AppStore|WindowsPhone
		{D9CDA127-79D4-460D-BAFE-2B1497095646}.AppStore|WindowsPhone-x86.ActiveCfg = AppStore|WindowsPhone
		{D9CDA127-79D4-460D-BAFE-2B1497095646}.AppStore|WindowsPhone-x86.Build.0 = AppStore|WindowsPhone
		{D9CDA127-79D4-460D-BAFE-2B1497095646}.AppStore|WindowsStore-ARM.ActiveCfg = AppStore|WindowsStore
		{D9CDA127-79D4-460D-BAFE-2B1497095646}.AppStore|WindowsStore-ARM.Build.0 = AppStore|WindowsStore
		{D9CDA127-79D4-460D-BAFE-2B1497095646}.AppStore|WindowsStore-x64.ActiveCfg = AppStore|WindowsStore
		{D9CDA127-79D4-460D-BAFE-2B1497095646}.AppStore|WindowsStore-x64.Build.0 = AppStore|WindowsStore
		{D9CDA127-79D4-460D-BAFE-2B1497095646}.AppStore|WindowsStore-x86.ActiveCfg = AppStore|WindowsStore
		{D9CDA127-79D4-460D-BAFE-2B1497095646}.AppStore|WindowsStore-x86.Build.0 = AppStore|WindowsStore
		{D9CDA127-79D4-460D-BAFE-2B1497095646}.Debug|Any CPU.ActiveCfg = Debug|Any CPU
		{D9CDA127-79D4-460D-BAFE-2B1497095646}.Debug|Any CPU.Build.0 = Debug|Any CPU
		{D9CDA127-79D4-460D-BAFE-2B1497095646}.Debug|Mixed Platforms.ActiveCfg = Debug|Any CPU
		{D9CDA127-79D4-460D-BAFE-2B1497095646}.Debug|Mixed Platforms.Build.0 = Debug|Any CPU
		{D9CDA127-79D4-460D-BAFE-2B1497095646}.Debug|Windows.ActiveCfg = Debug|Any CPU
		{D9CDA127-79D4-460D-BAFE-2B1497095646}.Debug|Windows.Build.0 = Debug|Any CPU
		{D9CDA127-79D4-460D-BAFE-2B1497095646}.Debug|WindowsPhone-ARM.ActiveCfg = Debug|WindowsPhone
		{D9CDA127-79D4-460D-BAFE-2B1497095646}.Debug|WindowsPhone-ARM.Build.0 = Debug|WindowsPhone
		{D9CDA127-79D4-460D-BAFE-2B1497095646}.Debug|WindowsPhone-x86.ActiveCfg = Debug|WindowsPhone
		{D9CDA127-79D4-460D-BAFE-2B1497095646}.Debug|WindowsPhone-x86.Build.0 = Debug|WindowsPhone
		{D9CDA127-79D4-460D-BAFE-2B1497095646}.Debug|WindowsStore-ARM.ActiveCfg = Debug|WindowsStore
		{D9CDA127-79D4-460D-BAFE-2B1497095646}.Debug|WindowsStore-ARM.Build.0 = Debug|WindowsStore
		{D9CDA127-79D4-460D-BAFE-2B1497095646}.Debug|WindowsStore-x64.ActiveCfg = Debug|WindowsStore
		{D9CDA127-79D4-460D-BAFE-2B1497095646}.Debug|WindowsStore-x64.Build.0 = Debug|WindowsStore
		{D9CDA127-79D4-460D-BAFE-2B1497095646}.Debug|WindowsStore-x86.ActiveCfg = Debug|WindowsStore
		{D9CDA127-79D4-460D-BAFE-2B1497095646}.Debug|WindowsStore-x86.Build.0 = Debug|WindowsStore
		{D9CDA127-79D4-460D-BAFE-2B1497095646}.Release|Any CPU.ActiveCfg = Release|Any CPU
		{D9CDA127-79D4-460D-BAFE-2B1497095646}.Release|Any CPU.Build.0 = Release|Any CPU
		{D9CDA127-79D4-460D-BAFE-2B1497095646}.Release|Mixed Platforms.ActiveCfg = Release|Any CPU
		{D9CDA127-79D4-460D-BAFE-2B1497095646}.Release|Mixed Platforms.Build.0 = Release|Any CPU
		{D9CDA127-79D4-460D-BAFE-2B1497095646}.Release|Windows.ActiveCfg = Release|Any CPU
		{D9CDA127-79D4-460D-BAFE-2B1497095646}.Release|Windows.Build.0 = Release|Any CPU
		{D9CDA127-79D4-460D-BAFE-2B1497095646}.Release|WindowsPhone-ARM.ActiveCfg = Release|WindowsPhone
		{D9CDA127-79D4-460D-BAFE-2B1497095646}.Release|WindowsPhone-ARM.Build.0 = Release|WindowsPhone
		{D9CDA127-79D4-460D-BAFE-2B1497095646}.Release|WindowsPhone-x86.ActiveCfg = Release|WindowsPhone
		{D9CDA127-79D4-460D-BAFE-2B1497095646}.Release|WindowsPhone-x86.Build.0 = Release|WindowsPhone
		{D9CDA127-79D4-460D-BAFE-2B1497095646}.Release|WindowsStore-ARM.ActiveCfg = Release|WindowsStore
		{D9CDA127-79D4-460D-BAFE-2B1497095646}.Release|WindowsStore-ARM.Build.0 = Release|WindowsStore
		{D9CDA127-79D4-460D-BAFE-2B1497095646}.Release|WindowsStore-x64.ActiveCfg = Release|WindowsStore
		{D9CDA127-79D4-460D-BAFE-2B1497095646}.Release|WindowsStore-x64.Build.0 = Release|WindowsStore
		{D9CDA127-79D4-460D-BAFE-2B1497095646}.Release|WindowsStore-x86.ActiveCfg = Release|WindowsStore
		{D9CDA127-79D4-460D-BAFE-2B1497095646}.Release|WindowsStore-x86.Build.0 = Release|WindowsStore
		{D9CDA127-79D4-460D-BAFE-2B1497095646}.Testing|Any CPU.ActiveCfg = Testing|Any CPU
		{D9CDA127-79D4-460D-BAFE-2B1497095646}.Testing|Any CPU.Build.0 = Testing|Any CPU
		{D9CDA127-79D4-460D-BAFE-2B1497095646}.Testing|Mixed Platforms.ActiveCfg = Testing|Any CPU
		{D9CDA127-79D4-460D-BAFE-2B1497095646}.Testing|Mixed Platforms.Build.0 = Testing|Any CPU
		{D9CDA127-79D4-460D-BAFE-2B1497095646}.Testing|Windows.ActiveCfg = Testing|Any CPU
		{D9CDA127-79D4-460D-BAFE-2B1497095646}.Testing|Windows.Build.0 = Testing|Any CPU
		{D9CDA127-79D4-460D-BAFE-2B1497095646}.Testing|WindowsPhone-ARM.ActiveCfg = Testing|WindowsPhone
		{D9CDA127-79D4-460D-BAFE-2B1497095646}.Testing|WindowsPhone-ARM.Build.0 = Testing|WindowsPhone
		{D9CDA127-79D4-460D-BAFE-2B1497095646}.Testing|WindowsPhone-x86.ActiveCfg = Testing|WindowsPhone
		{D9CDA127-79D4-460D-BAFE-2B1497095646}.Testing|WindowsPhone-x86.Build.0 = Testing|WindowsPhone
		{D9CDA127-79D4-460D-BAFE-2B1497095646}.Testing|WindowsStore-ARM.ActiveCfg = Testing|WindowsStore
		{D9CDA127-79D4-460D-BAFE-2B1497095646}.Testing|WindowsStore-ARM.Build.0 = Testing|WindowsStore
		{D9CDA127-79D4-460D-BAFE-2B1497095646}.Testing|WindowsStore-x64.ActiveCfg = Testing|WindowsStore
		{D9CDA127-79D4-460D-BAFE-2B1497095646}.Testing|WindowsStore-x64.Build.0 = Testing|WindowsStore
		{D9CDA127-79D4-460D-BAFE-2B1497095646}.Testing|WindowsStore-x86.ActiveCfg = Testing|WindowsStore
		{D9CDA127-79D4-460D-BAFE-2B1497095646}.Testing|WindowsStore-x86.Build.0 = Testing|WindowsStore
		{F3D4B1ED-C2BF-4454-84F6-97F186B8B00E}.AppStore|Any CPU.ActiveCfg = AppStore|WindowsStore-ARM
		{F3D4B1ED-C2BF-4454-84F6-97F186B8B00E}.AppStore|Mixed Platforms.ActiveCfg = AppStore|WindowsStore-ARM
		{F3D4B1ED-C2BF-4454-84F6-97F186B8B00E}.AppStore|Windows.ActiveCfg = AppStore|WindowsStore-ARM
		{F3D4B1ED-C2BF-4454-84F6-97F186B8B00E}.AppStore|WindowsPhone-ARM.ActiveCfg = AppStore|WindowsStore-ARM
		{F3D4B1ED-C2BF-4454-84F6-97F186B8B00E}.AppStore|WindowsPhone-x86.ActiveCfg = AppStore|WindowsStore-ARM
		{F3D4B1ED-C2BF-4454-84F6-97F186B8B00E}.AppStore|WindowsStore-ARM.ActiveCfg = AppStore|WindowsStore-ARM
		{F3D4B1ED-C2BF-4454-84F6-97F186B8B00E}.AppStore|WindowsStore-ARM.Build.0 = AppStore|WindowsStore-ARM
		{F3D4B1ED-C2BF-4454-84F6-97F186B8B00E}.AppStore|WindowsStore-ARM.Deploy.0 = AppStore|WindowsStore-ARM
		{F3D4B1ED-C2BF-4454-84F6-97F186B8B00E}.AppStore|WindowsStore-x64.ActiveCfg = AppStore|WindowsStore-x64
		{F3D4B1ED-C2BF-4454-84F6-97F186B8B00E}.AppStore|WindowsStore-x64.Build.0 = AppStore|WindowsStore-x64
		{F3D4B1ED-C2BF-4454-84F6-97F186B8B00E}.AppStore|WindowsStore-x64.Deploy.0 = AppStore|WindowsStore-x64
		{F3D4B1ED-C2BF-4454-84F6-97F186B8B00E}.AppStore|WindowsStore-x86.ActiveCfg = AppStore|WindowsStore-x86
		{F3D4B1ED-C2BF-4454-84F6-97F186B8B00E}.AppStore|WindowsStore-x86.Build.0 = AppStore|WindowsStore-x86
		{F3D4B1ED-C2BF-4454-84F6-97F186B8B00E}.AppStore|WindowsStore-x86.Deploy.0 = AppStore|WindowsStore-x86
		{F3D4B1ED-C2BF-4454-84F6-97F186B8B00E}.Debug|Any CPU.ActiveCfg = Debug|WindowsStore-ARM
		{F3D4B1ED-C2BF-4454-84F6-97F186B8B00E}.Debug|Mixed Platforms.ActiveCfg = Debug|WindowsStore-ARM
		{F3D4B1ED-C2BF-4454-84F6-97F186B8B00E}.Debug|Windows.ActiveCfg = Debug|WindowsStore-ARM
		{F3D4B1ED-C2BF-4454-84F6-97F186B8B00E}.Debug|WindowsPhone-ARM.ActiveCfg = Debug|WindowsStore-ARM
		{F3D4B1ED-C2BF-4454-84F6-97F186B8B00E}.Debug|WindowsPhone-x86.ActiveCfg = Debug|WindowsStore-ARM
		{F3D4B1ED-C2BF-4454-84F6-97F186B8B00E}.Debug|WindowsStore-ARM.ActiveCfg = Debug|WindowsStore-ARM
		{F3D4B1ED-C2BF-4454-84F6-97F186B8B00E}.Debug|WindowsStore-ARM.Build.0 = Debug|WindowsStore-ARM
		{F3D4B1ED-C2BF-4454-84F6-97F186B8B00E}.Debug|WindowsStore-ARM.Deploy.0 = Debug|WindowsStore-ARM
		{F3D4B1ED-C2BF-4454-84F6-97F186B8B00E}.Debug|WindowsStore-x64.ActiveCfg = Debug|WindowsStore-x64
		{F3D4B1ED-C2BF-4454-84F6-97F186B8B00E}.Debug|WindowsStore-x64.Build.0 = Debug|WindowsStore-x64
		{F3D4B1ED-C2BF-4454-84F6-97F186B8B00E}.Debug|WindowsStore-x64.Deploy.0 = Debug|WindowsStore-x64
		{F3D4B1ED-C2BF-4454-84F6-97F186B8B00E}.Debug|WindowsStore-x86.ActiveCfg = Debug|WindowsStore-x86
		{F3D4B1ED-C2BF-4454-84F6-97F186B8B00E}.Debug|WindowsStore-x86.Build.0 = Debug|WindowsStore-x86
		{F3D4B1ED-C2BF-4454-84F6-97F186B8B00E}.Debug|WindowsStore-x86.Deploy.0 = Debug|WindowsStore-x86
		{F3D4B1ED-C2BF-4454-84F6-97F186B8B00E}.Release|Any CPU.ActiveCfg = Release|WindowsStore-ARM
		{F3D4B1ED-C2BF-4454-84F6-97F186B8B00E}.Release|Mixed Platforms.ActiveCfg = Release|WindowsStore-ARM
		{F3D4B1ED-C2BF-4454-84F6-97F186B8B00E}.Release|Windows.ActiveCfg = Release|WindowsStore-ARM
		{F3D4B1ED-C2BF-4454-84F6-97F186B8B00E}.Release|WindowsPhone-ARM.ActiveCfg = Release|WindowsStore-ARM
		{F3D4B1ED-C2BF-4454-84F6-97F186B8B00E}.Release|WindowsPhone-x86.ActiveCfg = Release|WindowsStore-ARM
		{F3D4B1ED-C2BF-4454-84F6-97F186B8B00E}.Release|WindowsStore-ARM.ActiveCfg = Release|WindowsStore-ARM
		{F3D4B1ED-C2BF-4454-84F6-97F186B8B00E}.Release|WindowsStore-ARM.Build.0 = Release|WindowsStore-ARM
		{F3D4B1ED-C2BF-4454-84F6-97F186B8B00E}.Release|WindowsStore-ARM.Deploy.0 = Release|WindowsStore-ARM
		{F3D4B1ED-C2BF-4454-84F6-97F186B8B00E}.Release|WindowsStore-x64.ActiveCfg = Release|WindowsStore-x64
		{F3D4B1ED-C2BF-4454-84F6-97F186B8B00E}.Release|WindowsStore-x64.Build.0 = Release|WindowsStore-x64
		{F3D4B1ED-C2BF-4454-84F6-97F186B8B00E}.Release|WindowsStore-x64.Deploy.0 = Release|WindowsStore-x64
		{F3D4B1ED-C2BF-4454-84F6-97F186B8B00E}.Release|WindowsStore-x86.ActiveCfg = Release|WindowsStore-x86
		{F3D4B1ED-C2BF-4454-84F6-97F186B8B00E}.Release|WindowsStore-x86.Build.0 = Release|WindowsStore-x86
		{F3D4B1ED-C2BF-4454-84F6-97F186B8B00E}.Release|WindowsStore-x86.Deploy.0 = Release|WindowsStore-x86
		{F3D4B1ED-C2BF-4454-84F6-97F186B8B00E}.Testing|Any CPU.ActiveCfg = Testing|WindowsStore-ARM
		{F3D4B1ED-C2BF-4454-84F6-97F186B8B00E}.Testing|Mixed Platforms.ActiveCfg = Testing|WindowsStore-ARM
		{F3D4B1ED-C2BF-4454-84F6-97F186B8B00E}.Testing|Windows.ActiveCfg = Testing|WindowsStore-ARM
		{F3D4B1ED-C2BF-4454-84F6-97F186B8B00E}.Testing|WindowsPhone-ARM.ActiveCfg = Testing|WindowsStore-ARM
		{F3D4B1ED-C2BF-4454-84F6-97F186B8B00E}.Testing|WindowsPhone-x86.ActiveCfg = Testing|WindowsStore-ARM
		{F3D4B1ED-C2BF-4454-84F6-97F186B8B00E}.Testing|WindowsStore-ARM.ActiveCfg = Testing|WindowsStore-ARM
		{F3D4B1ED-C2BF-4454-84F6-97F186B8B00E}.Testing|WindowsStore-ARM.Build.0 = Testing|WindowsStore-ARM
		{F3D4B1ED-C2BF-4454-84F6-97F186B8B00E}.Testing|WindowsStore-ARM.Deploy.0 = Testing|WindowsStore-ARM
		{F3D4B1ED-C2BF-4454-84F6-97F186B8B00E}.Testing|WindowsStore-x64.ActiveCfg = Testing|WindowsStore-x64
		{F3D4B1ED-C2BF-4454-84F6-97F186B8B00E}.Testing|WindowsStore-x64.Build.0 = Testing|WindowsStore-x64
		{F3D4B1ED-C2BF-4454-84F6-97F186B8B00E}.Testing|WindowsStore-x64.Deploy.0 = Testing|WindowsStore-x64
		{F3D4B1ED-C2BF-4454-84F6-97F186B8B00E}.Testing|WindowsStore-x86.ActiveCfg = Testing|WindowsStore-x86
		{F3D4B1ED-C2BF-4454-84F6-97F186B8B00E}.Testing|WindowsStore-x86.Build.0 = Testing|WindowsStore-x86
		{F3D4B1ED-C2BF-4454-84F6-97F186B8B00E}.Testing|WindowsStore-x86.Deploy.0 = Testing|WindowsStore-x86
		{A9B47F01-806A-4817-86F2-60A4AC8A0BF6}.AppStore|Any CPU.ActiveCfg = AppStore|WindowsPhone-ARM
		{A9B47F01-806A-4817-86F2-60A4AC8A0BF6}.AppStore|Mixed Platforms.ActiveCfg = AppStore|WindowsPhone-ARM
		{A9B47F01-806A-4817-86F2-60A4AC8A0BF6}.AppStore|Windows.ActiveCfg = AppStore|WindowsPhone-ARM
		{A9B47F01-806A-4817-86F2-60A4AC8A0BF6}.AppStore|WindowsPhone-ARM.ActiveCfg = AppStore|WindowsPhone-ARM
		{A9B47F01-806A-4817-86F2-60A4AC8A0BF6}.AppStore|WindowsPhone-ARM.Build.0 = AppStore|WindowsPhone-ARM
		{A9B47F01-806A-4817-86F2-60A4AC8A0BF6}.AppStore|WindowsPhone-ARM.Deploy.0 = AppStore|WindowsPhone-ARM
		{A9B47F01-806A-4817-86F2-60A4AC8A0BF6}.AppStore|WindowsPhone-x86.ActiveCfg = AppStore|WindowsPhone-x86
		{A9B47F01-806A-4817-86F2-60A4AC8A0BF6}.AppStore|WindowsPhone-x86.Build.0 = AppStore|WindowsPhone-x86
		{A9B47F01-806A-4817-86F2-60A4AC8A0BF6}.AppStore|WindowsPhone-x86.Deploy.0 = AppStore|WindowsPhone-x86
		{A9B47F01-806A-4817-86F2-60A4AC8A0BF6}.AppStore|WindowsStore-ARM.ActiveCfg = AppStore|WindowsPhone-ARM
		{A9B47F01-806A-4817-86F2-60A4AC8A0BF6}.AppStore|WindowsStore-x64.ActiveCfg = AppStore|WindowsPhone-ARM
		{A9B47F01-806A-4817-86F2-60A4AC8A0BF6}.AppStore|WindowsStore-x86.ActiveCfg = AppStore|WindowsPhone-ARM
		{A9B47F01-806A-4817-86F2-60A4AC8A0BF6}.Debug|Any CPU.ActiveCfg = Debug|WindowsPhone-ARM
		{A9B47F01-806A-4817-86F2-60A4AC8A0BF6}.Debug|Mixed Platforms.ActiveCfg = Debug|WindowsPhone-ARM
		{A9B47F01-806A-4817-86F2-60A4AC8A0BF6}.Debug|Windows.ActiveCfg = Debug|WindowsPhone-ARM
		{A9B47F01-806A-4817-86F2-60A4AC8A0BF6}.Debug|WindowsPhone-ARM.ActiveCfg = Debug|WindowsPhone-ARM
		{A9B47F01-806A-4817-86F2-60A4AC8A0BF6}.Debug|WindowsPhone-ARM.Build.0 = Debug|WindowsPhone-ARM
		{A9B47F01-806A-4817-86F2-60A4AC8A0BF6}.Debug|WindowsPhone-ARM.Deploy.0 = Debug|WindowsPhone-ARM
		{A9B47F01-806A-4817-86F2-60A4AC8A0BF6}.Debug|WindowsPhone-x86.ActiveCfg = Debug|WindowsPhone-x86
		{A9B47F01-806A-4817-86F2-60A4AC8A0BF6}.Debug|WindowsPhone-x86.Build.0 = Debug|WindowsPhone-x86
		{A9B47F01-806A-4817-86F2-60A4AC8A0BF6}.Debug|WindowsPhone-x86.Deploy.0 = Debug|WindowsPhone-x86
		{A9B47F01-806A-4817-86F2-60A4AC8A0BF6}.Debug|WindowsStore-ARM.ActiveCfg = Debug|WindowsPhone-ARM
		{A9B47F01-806A-4817-86F2-60A4AC8A0BF6}.Debug|WindowsStore-x64.ActiveCfg = Debug|WindowsPhone-ARM
		{A9B47F01-806A-4817-86F2-60A4AC8A0BF6}.Debug|WindowsStore-x86.ActiveCfg = Debug|WindowsPhone-ARM
		{A9B47F01-806A-4817-86F2-60A4AC8A0BF6}.Release|Any CPU.ActiveCfg = Release|WindowsPhone-ARM
		{A9B47F01-806A-4817-86F2-60A4AC8A0BF6}.Release|Mixed Platforms.ActiveCfg = Release|WindowsPhone-ARM
		{A9B47F01-806A-4817-86F2-60A4AC8A0BF6}.Release|Windows.ActiveCfg = Release|WindowsPhone-ARM
		{A9B47F01-806A-4817-86F2-60A4AC8A0BF6}.Release|WindowsPhone-ARM.ActiveCfg = Release|WindowsPhone-ARM
		{A9B47F01-806A-4817-86F2-60A4AC8A0BF6}.Release|WindowsPhone-ARM.Build.0 = Release|WindowsPhone-ARM
		{A9B47F01-806A-4817-86F2-60A4AC8A0BF6}.Release|WindowsPhone-ARM.Deploy.0 = Release|WindowsPhone-ARM
		{A9B47F01-806A-4817-86F2-60A4AC8A0BF6}.Release|WindowsPhone-x86.ActiveCfg = Release|WindowsPhone-x86
		{A9B47F01-806A-4817-86F2-60A4AC8A0BF6}.Release|WindowsPhone-x86.Build.0 = Release|WindowsPhone-x86
		{A9B47F01-806A-4817-86F2-60A4AC8A0BF6}.Release|WindowsPhone-x86.Deploy.0 = Release|WindowsPhone-x86
		{A9B47F01-806A-4817-86F2-60A4AC8A0BF6}.Release|WindowsStore-ARM.ActiveCfg = Release|WindowsPhone-ARM
		{A9B47F01-806A-4817-86F2-60A4AC8A0BF6}.Release|WindowsStore-x64.ActiveCfg = Release|WindowsPhone-ARM
		{A9B47F01-806A-4817-86F2-60A4AC8A0BF6}.Release|WindowsStore-x86.ActiveCfg = Release|WindowsPhone-ARM
		{A9B47F01-806A-4817-86F2-60A4AC8A0BF6}.Testing|Any CPU.ActiveCfg = Testing|WindowsPhone-ARM
		{A9B47F01-806A-4817-86F2-60A4AC8A0BF6}.Testing|Mixed Platforms.ActiveCfg = Testing|WindowsPhone-ARM
		{A9B47F01-806A-4817-86F2-60A4AC8A0BF6}.Testing|Windows.ActiveCfg = Testing|WindowsPhone-ARM
		{A9B47F01-806A-4817-86F2-60A4AC8A0BF6}.Testing|WindowsPhone-ARM.ActiveCfg = Testing|WindowsPhone-ARM
		{A9B47F01-806A-4817-86F2-60A4AC8A0BF6}.Testing|WindowsPhone-ARM.Build.0 = Testing|WindowsPhone-ARM
		{A9B47F01-806A-4817-86F2-60A4AC8A0BF6}.Testing|WindowsPhone-ARM.Deploy.0 = Testing|WindowsPhone-ARM
		{A9B47F01-806A-4817-86F2-60A4AC8A0BF6}.Testing|WindowsPhone-x86.ActiveCfg = Testing|WindowsPhone-x86
		{A9B47F01-806A-4817-86F2-60A4AC8A0BF6}.Testing|WindowsPhone-x86.Build.0 = Testing|WindowsPhone-x86
		{A9B47F01-806A-4817-86F2-60A4AC8A0BF6}.Testing|WindowsPhone-x86.Deploy.0 = Testing|WindowsPhone-x86
		{A9B47F01-806A-4817-86F2-60A4AC8A0BF6}.Testing|WindowsStore-ARM.ActiveCfg = Testing|WindowsPhone-ARM
		{A9B47F01-806A-4817-86F2-60A4AC8A0BF6}.Testing|WindowsStore-x64.ActiveCfg = Testing|WindowsPhone-ARM
		{A9B47F01-806A-4817-86F2-60A4AC8A0BF6}.Testing|WindowsStore-x86.ActiveCfg = Testing|WindowsPhone-ARM
	EndGlobalSection
	GlobalSection(NestedProjects) = preSolution
		{A4B82034-65A6-41E0-9EAB-76E80AD17A48} = {ADE4D8B5-BB87-4F0A-83F0-75BE3BCDE2C7}
		{D9CDA127-79D4-460D-BAFE-2B1497095646} = {ADE4D8B5-BB87-4F0A-83F0-75BE3BCDE2C7}
		{F3D4B1ED-C2BF-4454-84F6-97F186B8B00E} = {ADE4D8B5-BB87-4F0A-83F0-75BE3BCDE2C7}
		{A9B47F01-806A-4817-86F2-60A4AC8A0BF6} = {ADE4D8B5-BB87-4F0A-83F0-75BE3BCDE2C7}
	EndGlobalSection
EndGlobal
